
Microsoft Visual Studio Solution File, Format Version 12.00
# Visual Studio Version 16
VisualStudioVersion = 16.0.28803.156
MinimumVisualStudioVersion = 10.0.40219.1
Project("{FAE04EC0-301F-11D3-BF4B-00C04F79EFBC}") = "cs", "cs\cs.csproj", "{793F89D3-22E3-4E6E-AC62-769A381E9D3A}"
EndProject
Global
	GlobalSection(SolutionConfigurationPlatforms) = preSolution
		Debug|Any CPU = Debug|Any CPU
		Release|Any CPU = Release|Any CPU
	EndGlobalSection
	GlobalSection(ProjectConfigurationPlatforms) = postSolution
		{793F89D3-22E3-4E6E-AC62-769A381E9D3A}.Debug|Any CPU.ActiveCfg = Debug|Any CPU
		{793F89D3-22E3-4E6E-AC62-769A381E9D3A}.Debug|Any CPU.Build.0 = Debug|Any CPU
		{793F89D3-22E3-4E6E-AC62-769A381E9D3A}.Release|Any CPU.ActiveCfg = Release|Any CPU
		{793F89D3-22E3-4E6E-AC62-769A381E9D3A}.Release|Any CPU.Build.0 = Release|Any CPU
	EndGlobalSection
	GlobalSection(SolutionProperties) = preSolution
		HideSolutionNode = FALSE
	EndGlobalSection
	GlobalSection(ExtensibilityGlobals) = postSolution
		SolutionGuid = {58075ADF-1801-45C6-B1F7-EDCA8B38C0D2}
	EndGlobalSection
EndGlobal
